github.com/bloeys/gglm v0.2.6 h1:+6m+GZuabU9GRhtEfqz7NS3fewO1xMcjJEenKVPRosM=
github.com/bloeys/gglm v0.2.6/go.mod h1:qwJQ0WzV191wAMwlGicbfbChbKoSedMk7gFFX6GnyOk=
github.com/bloeys/gglm v0.3.1 h1:Sy9upW7SBsBfDXrSmEhid3aQ+7J7itej+upwcxOnPMQ=
github.com/bloeys/gglm v0.3.1/go.mod h1:qwJQ0WzV191wAMwlGicbfbChbKoSedMk7gFFX6GnyOk=
